{
  "originHash" : "6cd1ffdbf3bde7e36f2462a1ec388a8ae650a855bd7f6353a246f07b1bef15b5",
  "pins" : [
    {
      "identity" : "swift-docc-plugin",
      "kind" : "remoteSourceControl",
      "location" : "https://github.com/apple/swift-docc-plugin",
      "state" : {
        "revision" : "647c708be89f834fa6a6d4945442793a77ddf5b6",
        "version" : "1.5.0"
      }
    },
    {
      "identity" : "swift-docc-symbolkit",
      "kind" : "remoteSourceControl",
      "location" : "https://github.com/swiftlang/swift-docc-symbolkit",
      "state" : {
        "revision" : "b45d1f2ed151d057b54504d653e0da5552844e34",
        "version" : "1.0.0"
      }
    },
    {
      "identity" : "swift-syntax",
      "kind" : "remoteSourceControl",
      "location" : "https://github.com/swiftlang/swift-syntax.git",
      "state" : {
        "revision" : "9de99a78f099e59caf2b2beec65a4c45d54b2081",
        "version" : "603.0.1"
      }
    },
    {
      "identity" : "testcommonsmacrotesting",
      "kind" : "remoteSourceControl",
      "location" : "https://github.com/maniramezan/TestCommonsMacroTesting.git",
      "state" : {
        "revision" : "0430cbef9461718f610bd95080e10c7e76038963",
        "version" : "0.1.0"
      }
    }
  ],
  "version" : 3
}
